
Microsoft Visual Studio Solution File, Format Version 12.00
# Visual Studio Version 17
VisualStudioVersion = 17.9.34728.123
MinimumVisualStudioVersion = 10.0.40219.1
Project("{FAE04EC0-301F-11D3-BF4B-00C04F79EFBC}") = "AutoClickerGame", "AutoClickerGame\AutoClickerGame.csproj", "{4EE5B7A7-CC3D-48B7-9654-AD1E9A281871}"
EndProject
Global
	GlobalSection(SolutionConfigurationPlatforms) = preSolution
		Debug|Any CPU = Debug|Any CPU
		Release|Any CPU = Release|Any CPU
	EndGlobalSection
	GlobalSection(ProjectConfigurationPlatforms) = postSolution
		{4EE5B7A7-CC3D-48B7-9654-AD1E9A281871}.Debug|Any CPU.ActiveCfg = Debug|Any CPU
		{4EE5B7A7-CC3D-48B7-9654-AD1E9A281871}.Debug|Any CPU.Build.0 = Debug|Any CPU
		{4EE5B7A7-CC3D-48B7-9654-AD1E9A281871}.Release|Any CPU.ActiveCfg = Release|Any CPU
		{4EE5B7A7-CC3D-48B7-9654-AD1E9A281871}.Release|Any CPU.Build.0 = Release|Any CPU
	EndGlobalSection
	GlobalSection(SolutionProperties) = preSolution
		HideSolutionNode = FALSE
	EndGlobalSection
	GlobalSection(ExtensibilityGlobals) = postSolution
		SolutionGuid = {1250F1A5-DF4E-44D8-94B7-B37A7D621246}
	EndGlobalSection
EndGlobal
