
Microsoft Visual Studio Solution File, Format Version 12.00
# Visual Studio Version 17
VisualStudioVersion = 17.9.34728.123
MinimumVisualStudioVersion = 10.0.40219.1
Project("{FAE04EC0-301F-11D3-BF4B-00C04F79EFBC}") = "HaushaltsbuchApp", "HaushaltsbuchApp.csproj", "{FCB89B2D-0756-4B40-8138-2F6C3C92B052}"
EndProject
Global
	GlobalSection(SolutionConfigurationPlatforms) = preSolution
		Debug|Any CPU = Debug|Any CPU
		Release|Any CPU = Release|Any CPU
	EndGlobalSection
	GlobalSection(ProjectConfigurationPlatforms) = postSolution
		{FCB89B2D-0756-4B40-8138-2F6C3C92B052}.Debug|Any CPU.ActiveCfg = Debug|Any CPU
		{FCB89B2D-0756-4B40-8138-2F6C3C92B052}.Debug|Any CPU.Build.0 = Debug|Any CPU
		{FCB89B2D-0756-4B40-8138-2F6C3C92B052}.Release|Any CPU.ActiveCfg = Release|Any CPU
		{FCB89B2D-0756-4B40-8138-2F6C3C92B052}.Release|Any CPU.Build.0 = Release|Any CPU
	EndGlobalSection
	GlobalSection(SolutionProperties) = preSolution
		HideSolutionNode = FALSE
	EndGlobalSection
	GlobalSection(ExtensibilityGlobals) = postSolution
		SolutionGuid = {786C9D11-6E41-4FA0-9741-281D42351E52}
	EndGlobalSection
EndGlobal
