
Microsoft Visual Studio Solution File, Format Version 12.00
# Visual Studio Version 17
VisualStudioVersion = 17.9.34728.123
MinimumVisualStudioVersion = 10.0.40219.1
Project("{FAE04EC0-301F-11D3-BF4B-00C04F79EFBC}") = "Operatoren", "Operatoren\Operatoren.csproj", "{302C4C35-6B0E-481C-8E3C-BA220C5E710C}"
EndProject
Global
	GlobalSection(SolutionConfigurationPlatforms) = preSolution
		Debug|Any CPU = Debug|Any CPU
		Release|Any CPU = Release|Any CPU
	EndGlobalSection
	GlobalSection(ProjectConfigurationPlatforms) = postSolution
		{302C4C35-6B0E-481C-8E3C-BA220C5E710C}.Debug|Any CPU.ActiveCfg = Debug|Any CPU
		{302C4C35-6B0E-481C-8E3C-BA220C5E710C}.Debug|Any CPU.Build.0 = Debug|Any CPU
		{302C4C35-6B0E-481C-8E3C-BA220C5E710C}.Release|Any CPU.ActiveCfg = Release|Any CPU
		{302C4C35-6B0E-481C-8E3C-BA220C5E710C}.Release|Any CPU.Build.0 = Release|Any CPU
	EndGlobalSection
	GlobalSection(SolutionProperties) = preSolution
		HideSolutionNode = FALSE
	EndGlobalSection
	GlobalSection(ExtensibilityGlobals) = postSolution
		SolutionGuid = {98920856-0FDD-43AA-83FB-C7FAD49DB41E}
	EndGlobalSection
EndGlobal
